// !$*UTF8*$!
{
	archiveVersion = 1;
	classes = {
	};
	objectVersion = 46;
	objects = {

/* Begin PBXBuildFile section */
		D53DF4B81CD83200001F0397 /* main.m in Sources */ = {isa = PBXBuildFile; fileRef = D53DF4B71CD83200001F0397 /* main.m */; };
		D53DF4BB1CD83200001F0397 /* AppDelegate.m in Sources */ = {isa = PBXBuildFile; fileRef = D53DF4BA1CD83200001F0397 /* AppDelegate.m */; };
		D53DF4BE1CD83200001F0397 /* ViewController.m in Sources */ = {isa = PBXBuildFile; fileRef = D53DF4BD1CD83200001F0397 /* ViewController.m */; };
		D53DF4C11CD83200001F0397 /* Main.storyboard in Resources */ = {isa = PBXBuildFile; fileRef = D53DF4BF1CD83200001F0397 /* Main.storyboard */; };
		D53DF4C31CD83200001F0397 /* Assets.xcassets in Resources */ = {isa = PBXBuildFile; fileRef = D53DF4C21CD83200001F0397 /* Assets.xcassets */; };
		D53DF4C61CD83200001F0397 /* LaunchScreen.storyboard in Resources */ = {isa = PBXBuildFile; fileRef = D53DF4C41CD83200001F0397 /* LaunchScreen.storyboard */; };
		D53DF4D11CD83201001F0397 /* _0160503001_PresentAndChildViewController_ContactMenusTests.m in Sources */ = {isa = PBXBuildFile; fileRef = D53DF4D01CD83201001F0397 /* _0160503001_PresentAndChildViewController_ContactMenusTests.m */; };
		D53DF4DC1CD83201001F0397 /* _0160503001_PresentAndChildViewController_ContactMenusUITests.m in Sources */ = {isa = PBXBuildFile; fileRef = D53DF4DB1CD83201001F0397 /* _0160503001_PresentAndChildViewController_ContactMenusUITests.m */; };
/* End PBXBuildFile section */

/* Begin PBXContainerItemProxy section */
		D53DF4CD1CD83201001F0397 /* PBXContainerItemProxy */ = {
			isa = PBXContainerItemProxy;
			containerPortal = D53DF4AB1CD83200001F0397 /* Project object */;
			proxyType = 1;
			remoteGlobalIDString = D53DF4B21CD83200001F0397;
			remoteInfo = "20160503001-PresentAndChildViewController-ContactMenus";
		};
		D53DF4D81CD83201001F0397 /* PBXContainerItemProxy */ = {
			isa = PBXContainerItemProxy;
			containerPortal = D53DF4AB1CD83200001F0397 /* Project object */;
			proxyType = 1;
			remoteGlobalIDString = D53DF4B21CD83200001F0397;
			remoteInfo = "20160503001-PresentAndChildViewController-ContactMenus";
		};
/* End PBXContainerItemProxy section */

/* Begin PBXFileReference section */
		D53DF4B31CD83200001F0397 /* 20160503001-PresentAndChildViewController-ContactMenus.app */ = {isa = PBXFileReference; explicitFileType = wrapper.application; includeInIndex = 0; path = "20160503001-PresentAndChildViewController-ContactMenus.app"; sourceTree = BUILT_PRODUCTS_DIR; };
		D53DF4B71CD83200001F0397 /* main.m */ = {isa = PBXFileReference; lastKnownFileType = sourcecode.c.objc; path = main.m; sourceTree = "<group>"; };
		D53DF4B91CD83200001F0397 /* AppDelegate.h */ = {isa = PBXFileReference; lastKnownFileType = sourcecode.c.h; path = AppDelegate.h; sourceTree = "<group>"; };
		D53DF4BA1CD83200001F0397 /* AppDelegate.m */ = {isa = PBXFileReference; lastKnownFileType = sourcecode.c.objc; path = AppDelegate.m; sourceTree = "<group>"; };
		D53DF4BC1CD83200001F0397 /* ViewController.h */ = {isa = PBXFileReference; lastKnownFileType = sourcecode.c.h; path = ViewController.h; sourceTree = "<group>"; };
		D53DF4BD1CD83200001F0397 /* ViewController.m */ = {isa = PBXFileReference; lastKnownFileType = sourcecode.c.objc; path = ViewController.m; sourceTree = "<group>"; };
		D53DF4C01CD83200001F0397 /* Base */ = {isa = PBXFileReference; lastKnownFileType = file.storyboard; name = Base; path = Base.lproj/Main.storyboard; sourceTree = "<group>"; };
		D53DF4C21CD83200001F0397 /* Assets.xcassets */ = {isa = PBXFileReference; lastKnownFileType = folder.assetcatalog; path = Assets.xcassets; sourceTree = "<group>"; };
		D53DF4C51CD83200001F0397 /* Base */ = {isa = PBXFileReference; lastKnownFileType = file.storyboard; name = Base; path = Base.lproj/LaunchScreen.storyboard; sourceTree = "<group>"; };
		D53DF4C71CD83200001F0397 /* Info.plist */ = {isa = PBXFileReference; lastKnownFileType = text.plist.xml; path = Info.plist; sourceTree = "<group>"; };
		D53DF4CC1CD83201001F0397 /* 20160503001-PresentAndChildViewController-ContactMenusTests.xctest */ = {isa = PBXFileReference; explicitFileType = wrapper.cfbundle; includeInIndex = 0; path = "20160503001-PresentAndChildViewController-ContactMenusTests.xctest"; sourceTree = BUILT_PRODUCTS_DIR; };
		D53DF4D01CD83201001F0397 /* _0160503001_PresentAndChildViewController_ContactMenusTests.m */ = {isa = PBXFileReference; lastKnownFileType = sourcecode.c.objc; path = _0160503001_PresentAndChildViewController_ContactMenusTests.m; sourceTree = "<group>"; };
		D53DF4D21CD83201001F0397 /* Info.plist */ = {isa = PBXFileReference; lastKnownFileType = text.plist.xml; path = Info.plist; sourceTree = "<group>"; };
		D53DF4D71CD83201001F0397 /* 20160503001-PresentAndChildViewController-ContactMenusUITests.xctest */ = {isa = PBXFileReference; explicitFileType = wrapper.cfbundle; includeInIndex = 0; path = "20160503001-PresentAndChildViewController-ContactMenusUITests.xctest"; sourceTree = BUILT_PRODUCTS_DIR; };
		D53DF4DB1CD83201001F0397 /* _0160503001_PresentAndChildViewController_ContactMenusUITests.m */ = {isa = PBXFileReference; lastKnownFileType = sourcecode.c.objc; path = _0160503001_PresentAndChildViewController_ContactMenusUITests.m; sourceTree = "<group>"; };
		D53DF4DD1CD83201001F0397 /* Info.plist */ = {isa = PBXFileReference; lastKnownFileType = text.plist.xml; path = Info.plist; sourceTree = "<group>"; };
/* End PBXFileReference section */

/* Begin PBXFrameworksBuildPhase section */
		D53DF4B01CD83200001F0397 /* Frameworks */ = {
			isa = PBXFrameworksBuildPhase;
			buildActionMask = 2147483647;
			files = (
			);
			runOnlyForDeploymentPostprocessing = 0;
		};
		D53DF4C91CD83201001F0397 /* Frameworks */ = {
			isa = PBXFrameworksBuildPhase;
			buildActionMask = 2147483647;
			files = (
			);
			runOnlyForDeploymentPostprocessing = 0;
		};
		D53DF4D41CD83201001F0397 /* Frameworks */ = {
			isa = PBXFrameworksBuildPhase;
			buildActionMask = 2147483647;
			files = (
			);
			runOnlyForDeploymentPostprocessing = 0;
		};
/* End PBXFrameworksBuildPhase section */

/* Begin PBXGroup section */
		D53DF4AA1CD83200001F0397 = {
			isa = PBXGroup;
			children = (
				D53DF4B51CD83200001F0397 /* 20160503001-PresentAndChildViewController-ContactMenus */,
				D53DF4CF1CD83201001F0397 /* 20160503001-PresentAndChildViewController-ContactMenusTests */,
				D53DF4DA1CD83201001F0397 /* 20160503001-PresentAndChildViewController-ContactMenusUITests */,
				D53DF4B41CD83200001F0397 /* Products */,
			);
			sourceTree = "<group>";
		};
		D53DF4B41CD83200001F0397 /* Products */ = {
			isa = PBXGroup;
			children = (
				D53DF4B31CD83200001F0397 /* 20160503001-PresentAndChildViewController-ContactMenus.app */,
				D53DF4CC1CD83201001F0397 /* 20160503001-PresentAndChildViewController-ContactMenusTests.xctest */,
				D53DF4D71CD83201001F0397 /* 20160503001-PresentAndChildViewController-ContactMenusUITests.xctest */,
			);
			name = Products;
			sourceTree = "<group>";
		};
		D53DF4B51CD83200001F0397 /* 20160503001-PresentAndChildViewController-ContactMenus */ = {
			isa = PBXGroup;
			children = (
				D53DF4B91CD83200001F0397 /* AppDelegate.h */,
				D53DF4BA1CD83200001F0397 /* AppDelegate.m */,
				D53DF4BC1CD83200001F0397 /* ViewController.h */,
				D53DF4BD1CD83200001F0397 /* ViewController.m */,
				D53DF4BF1CD83200001F0397 /* Main.storyboard */,
				D53DF4C21CD83200001F0397 /* Assets.xcassets */,
				D53DF4C41CD83200001F0397 /* LaunchScreen.storyboard */,
				D53DF4C71CD83200001F0397 /* Info.plist */,
				D53DF4B61CD83200001F0397 /* Supporting Files */,
			);
			path = "20160503001-PresentAndChildViewController-ContactMenus";
			sourceTree = "<group>";
		};
		D53DF4B61CD83200001F0397 /* Supporting Files */ = {
			isa = PBXGroup;
			children = (
				D53DF4B71CD83200001F0397 /* main.m */,
			);
			name = "Supporting Files";
			sourceTree = "<group>";
		};
		D53DF4CF1CD83201001F0397 /* 20160503001-PresentAndChildViewController-ContactMenusTests */ = {
			isa = PBXGroup;
			children = (
				D53DF4D01CD83201001F0397 /* _0160503001_PresentAndChildViewController_ContactMenusTests.m */,
				D53DF4D21CD83201001F0397 /* Info.plist */,
			);
			path = "20160503001-PresentAndChildViewController-ContactMenusTests";
			sourceTree = "<group>";
		};
		D53DF4DA1CD83201001F0397 /* 20160503001-PresentAndChildViewController-ContactMenusUITests */ = {
			isa = PBXGroup;
			children = (
				D53DF4DB1CD83201001F0397 /* _0160503001_PresentAndChildViewController_ContactMenusUITests.m */,
				D53DF4DD1CD83201001F0397 /* Info.plist */,
			);
			path = "20160503001-PresentAndChildViewController-ContactMenusUITests";
			sourceTree = "<group>";
		};
/* End PBXGroup section */

/* Begin PBXNativeTarget section */
		D53DF4B21CD83200001F0397 /* 20160503001-PresentAndChildViewController-ContactMenus */ = {
			isa = PBXNativeTarget;
			buildConfigurationList = D53DF4E01CD83201001F0397 /* Build configuration list for PBXNativeTarget "20160503001-PresentAndChildViewController-ContactMenus" */;
			buildPhases = (
				D53DF4AF1CD83200001F0397 /* Sources */,
				D53DF4B01CD83200001F0397 /* Frameworks */,
				D53DF4B11CD83200001F0397 /* Resources */,
			);
			buildRules = (
			);
			dependencies = (
			);
			name = "20160503001-PresentAndChildViewController-ContactMenus";
			productName = "20160503001-PresentAndChildViewController-ContactMenus";
			productReference = D53DF4B31CD83200001F0397 /* 20160503001-PresentAndChildViewController-ContactMenus.app */;
			productType = "com.apple.product-type.application";
		};
		D53DF4CB1CD83201001F0397 /* 20160503001-PresentAndChildViewController-ContactMenusTests */ = {
			isa = PBXNativeTarget;
			buildConfigurationList = D53DF4E31CD83201001F0397 /* Build configuration list for PBXNativeTarget "20160503001-PresentAndChildViewController-ContactMenusTests" */;
			buildPhases = (
				D53DF4C81CD83201001F0397 /* Sources */,
				D53DF4C91CD83201001F0397 /* Frameworks */,
				D53DF4CA1CD83201001F0397 /* Resources */,
			);
			buildRules = (
			);
			dependencies = (
				D53DF4CE1CD83201001F0397 /* PBXTargetDependency */,
			);
			name = "20160503001-PresentAndChildViewController-ContactMenusTests";
			productName = "20160503001-PresentAndChildViewController-ContactMenusTests";
			productReference = D53DF4CC1CD83201001F0397 /* 20160503001-PresentAndChildViewController-ContactMenusTests.xctest */;
			productType = "com.apple.product-type.bundle.unit-test";
		};
		D53DF4D61CD83201001F0397 /* 20160503001-PresentAndChildViewController-ContactMenusUITests */ = {
			isa = PBXNativeTarget;
			buildConfigurationList = D53DF4E61CD83201001F0397 /* Build configuration list for PBXNativeTarget "20160503001-PresentAndChildViewController-ContactMenusUITests" */;
			buildPhases = (
				D53DF4D31CD83201001F0397 /* Sources */,
				D53DF4D41CD83201001F0397 /* Frameworks */,
				D53DF4D51CD83201001F0397 /* Resources */,
			);
			buildRules = (
			);
			dependencies = (
				D53DF4D91CD83201001F0397 /* PBXTargetDependency */,
			);
			name = "20160503001-PresentAndChildViewController-ContactMenusUITests";
			productName = "20160503001-PresentAndChildViewController-ContactMenusUITests";
			productReference = D53DF4D71CD83201001F0397 /* 20160503001-PresentAndChildViewController-ContactMenusUITests.xctest */;
			productType = "com.apple.product-type.bundle.ui-testing";
		};
/* End PBXNativeTarget section */

/* Begin PBXProject section */
		D53DF4AB1CD83200001F0397 /* Project object */ = {
			isa = PBXProject;
			attributes = {
				LastUpgradeCheck = 0730;
				ORGANIZATIONNAME = Rainer;
				TargetAttributes = {
					D53DF4B21CD83200001F0397 = {
						CreatedOnToolsVersion = 7.3;
					};
					D53DF4CB1CD83201001F0397 = {
						CreatedOnToolsVersion = 7.3;
						TestTargetID = D53DF4B21CD83200001F0397;
					};
					D53DF4D61CD83201001F0397 = {
						CreatedOnToolsVersion = 7.3;
						TestTargetID = D53DF4B21CD83200001F0397;
					};
				};
			};
			buildConfigurationList = D53DF4AE1CD83200001F0397 /* Build configuration list for PBXProject "20160503001-PresentAndChildViewController-ContactMenus" */;
			compatibilityVersion = "Xcode 3.2";
			developmentRegion = English;
			hasScannedForEncodings = 0;
			knownRegions = (
				en,
				Base,
			);
			mainGroup = D53DF4AA1CD83200001F0397;
			productRefGroup = D53DF4B41CD83200001F0397 /* Products */;
			projectDirPath = "";
			projectRoot = "";
			targets = (
				D53DF4B21CD83200001F0397 /* 20160503001-PresentAndChildViewController-ContactMenus */,
				D53DF4CB1CD83201001F0397 /* 20160503001-PresentAndChildViewController-ContactMenusTests */,
				D53DF4D61CD83201001F0397 /* 20160503001-PresentAndChildViewController-ContactMenusUITests */,
			);
		};
/* End PBXProject section */

/* Begin PBXResourcesBuildPhase section */
		D53DF4B11CD83200001F0397 /* Resources */ = {
			isa = PBXResourcesBuildPhase;
			buildActionMask = 2147483647;
			files = (
				D53DF4C61CD83200001F0397 /* LaunchScreen.storyboard in Resources */,
				D53DF4C31CD83200001F0397 /* Assets.xcassets in Resources */,
				D53DF4C11CD83200001F0397 /* Main.storyboard in Resources */,
			);
			runOnlyForDeploymentPostprocessing = 0;
		};
		D53DF4CA1CD83201001F0397 /* Resources */ = {
			isa = PBXResourcesBuildPhase;
			buildActionMask = 2147483647;
			files = (
			);
			runOnlyForDeploymentPostprocessing = 0;
		};
		D53DF4D51CD83201001F0397 /* Resources */ = {
			isa = PBXResourcesBuildPhase;
			buildActionMask = 2147483647;
			files = (
			);
			runOnlyForDeploymentPostprocessing = 0;
		};
/* End PBXResourcesBuildPhase section */

/* Begin PBXSourcesBuildPhase section */
		D53DF4AF1CD83200001F0397 /* Sources */ = {
			isa = PBXSourcesBuildPhase;
			buildActionMask = 2147483647;
			files = (
				D53DF4BE1CD83200001F0397 /* ViewController.m in Sources */,
				D53DF4BB1CD83200001F0397 /* AppDelegate.m in Sources */,
				D53DF4B81CD83200001F0397 /* main.m in Sources */,
			);
			runOnlyForDeploymentPostprocessing = 0;
		};
		D53DF4C81CD83201001F0397 /* Sources */ = {
			isa = PBXSourcesBuildPhase;
			buildActionMask = 2147483647;
			files = (
				D53DF4D11CD83201001F0397 /* _0160503001_PresentAndChildViewController_ContactMenusTests.m in Sources */,
			);
			runOnlyForDeploymentPostprocessing = 0;
		};
		D53DF4D31CD83201001F0397 /* Sources */ = {
			isa = PBXSourcesBuildPhase;
			buildActionMask = 2147483647;
			files = (
				D53DF4DC1CD83201001F0397 /* _0160503001_PresentAndChildViewController_ContactMenusUITests.m in Sources */,
			);
			runOnlyForDeploymentPostprocessing = 0;
		};
/* End PBXSourcesBuildPhase section */

/* Begin PBXTargetDependency section */
		D53DF4CE1CD83201001F0397 /* PBXTargetDependency */ = {
			isa = PBXTargetDependency;
			target = D53DF4B21CD83200001F0397 /* 20160503001-PresentAndChildViewController-ContactMenus */;
			targetProxy = D53DF4CD1CD83201001F0397 /* PBXContainerItemProxy */;
		};
		D53DF4D91CD83201001F0397 /* PBXTargetDependency */ = {
			isa = PBXTargetDependency;
			target = D53DF4B21CD83200001F0397 /* 20160503001-PresentAndChildViewController-ContactMenus */;
			targetProxy = D53DF4D81CD83201001F0397 /* PBXContainerItemProxy */;
		};
/* End PBXTargetDependency section */

/* Begin PBXVariantGroup section */
		D53DF4BF1CD83200001F0397 /* Main.storyboard */ = {
			isa = PBXVariantGroup;
			children = (
				D53DF4C01CD83200001F0397 /* Base */,
			);
			name = Main.storyboard;
			sourceTree = "<group>";
		};
		D53DF4C41CD83200001F0397 /* LaunchScreen.storyboard */ = {
			isa = PBXVariantGroup;
			children = (
				D53DF4C51CD83200001F0397 /* Base */,
			);
			name = LaunchScreen.storyboard;
			sourceTree = "<group>";
		};
/* End PBXVariantGroup section */

/* Begin XCBuildConfiguration section */
		D53DF4DE1CD83201001F0397 /* Debug */ = {
			isa = XCBuildConfiguration;
			buildSettings = {
				ALWAYS_SEARCH_USER_PATHS = NO;
				CLANG_ANALYZER_NONNULL = YES;
				CLANG_CXX_LANGUAGE_STANDARD = "gnu++0x";
				CLANG_CXX_LIBRARY = "libc++";
				CLANG_ENABLE_MODULES = YES;
				CLANG_ENABLE_OBJC_ARC = YES;
				CLANG_WARN_BOOL_CONVERSION = YES;
				CLANG_WARN_CONSTANT_CONVERSION = YES;
				CLANG_WARN_DIRECT_OBJC_ISA_USAGE = YES_ERROR;
				CLANG_WARN_EMPTY_BODY = YES;
				CLANG_WARN_ENUM_CONVERSION = YES;
				CLANG_WARN_INT_CONVERSION = YES;
				CLANG_WARN_OBJC_ROOT_CLASS = YES_ERROR;
				CLANG_WARN_UNREACHABLE_CODE = YES;
				CLANG_WARN__DUPLICATE_METHOD_MATCH = YES;
				"CODE_SIGN_IDENTITY[sdk=iphoneos*]" = "iPhone Developer";
				COPY_PHASE_STRIP = NO;
				DEBUG_INFORMATION_FORMAT = dwarf;
				ENABLE_STRICT_OBJC_MSGSEND = YES;
				ENABLE_TESTABILITY = YES;
				GCC_C_LANGUAGE_STANDARD = gnu99;
				GCC_DYNAMIC_NO_PIC = NO;
				GCC_NO_COMMON_BLOCKS = YES;
				GCC_OPTIMIZATION_LEVEL = 0;
				GCC_PREPROCESSOR_DEFINITIONS = (
					"DEBUG=1",
					"$(inherited)",
				);
				GCC_WARN_64_TO_32_BIT_CONVERSION = YES;
				GCC_WARN_ABOUT_RETURN_TYPE = YES_ERROR;
				GCC_WARN_UNDECLARED_SELECTOR = YES;
				GCC_WARN_UNINITIALIZED_AUTOS = YES_AGGRESSIVE;
				GCC_WARN_UNUSED_FUNCTION = YES;
				GCC_WARN_UNUSED_VARIABLE = YES;
				IPHONEOS_DEPLOYMENT_TARGET = 9.3;
				MTL_ENABLE_DEBUG_INFO = YES;
				ONLY_ACTIVE_ARCH = YES;
				SDKROOT = iphoneos;
				TARGETED_DEVICE_FAMILY = "1,2";
			};
			name = Debug;
		};
		D53DF4DF1CD83201001F0397 /* Release */ = {
			isa = XCBuildConfiguration;
			buildSettings = {
				ALWAYS_SEARCH_USER_PATHS = NO;
				CLANG_ANALYZER_NONNULL = YES;
				CLANG_CXX_LANGUAGE_STANDARD = "gnu++0x";
				CLANG_CXX_LIBRARY = "libc++";
				CLANG_ENABLE_MODULES = YES;
				CLANG_ENABLE_OBJC_ARC = YES;
				CLANG_WARN_BOOL_CONVERSION = YES;
				CLANG_WARN_CONSTANT_CONVERSION = YES;
				CLANG_WARN_DIRECT_OBJC_ISA_USAGE = YES_ERROR;
				CLANG_WARN_EMPTY_BODY = YES;
				CLANG_WARN_ENUM_CONVERSION = YES;
				CLANG_WARN_INT_CONVERSION = YES;
				CLANG_WARN_OBJC_ROOT_CLASS = YES_ERROR;
				CLANG_WARN_UNREACHABLE_CODE = YES;
				CLANG_WARN__DUPLICATE_METHOD_MATCH = YES;
				"CODE_SIGN_IDENTITY[sdk=iphoneos*]" = "iPhone Developer";
				COPY_PHASE_STRIP = NO;
				DEBUG_INFORMATION_FORMAT = "dwarf-with-dsym";
				ENABLE_NS_ASSERTIONS = NO;
				ENABLE_STRICT_OBJC_MSGSEND = YES;
				GCC_C_LANGUAGE_STANDARD = gnu99;
				GCC_NO_COMMON_BLOCKS = YES;
				GCC_WARN_64_TO_32_BIT_CONVERSION = YES;
				GCC_WARN_ABOUT_RETURN_TYPE = YES_ERROR;
				GCC_WARN_UNDECLARED_SELECTOR = YES;
				GCC_WARN_UNINITIALIZED_AUTOS = YES_AGGRESSIVE;
				GCC_WARN_UNUSED_FUNCTION = YES;
				GCC_WARN_UNUSED_VARIABLE = YES;
				IPHONEOS_DEPLOYMENT_TARGET = 9.3;
				MTL_ENABLE_DEBUG_INFO = NO;
				SDKROOT = iphoneos;
				TARGETED_DEVICE_FAMILY = "1,2";
				VALIDATE_PRODUCT = YES;
			};
			name = Release;
		};
		D53DF4E11CD83201001F0397 /* Debug */ = {
			isa = XCBuildConfiguration;
			buildSettings = {
				ASSETCATALOG_COMPILER_APPICON_NAME = AppIcon;
				INFOPLIST_FILE = "20160503001-PresentAndChildViewController-ContactMenus/Info.plist";
				LD_RUNPATH_SEARCH_PATHS = "$(inherited) @executable_path/Frameworks";
				PRODUCT_BUNDLE_IDENTIFIER = "com.rainer.-0160503001-PresentAndChildViewController-ContactMenus";
				PRODUCT_NAME = "$(TARGET_NAME)";
			};
			name = Debug;
		};
		D53DF4E21CD83201001F0397 /* Release */ = {
			isa = XCBuildConfiguration;
			buildSettings = {
				ASSETCATALOG_COMPILER_APPICON_NAME = AppIcon;
				INFOPLIST_FILE = "20160503001-PresentAndChildViewController-ContactMenus/Info.plist";
				LD_RUNPATH_SEARCH_PATHS = "$(inherited) @executable_path/Frameworks";
				PRODUCT_BUNDLE_IDENTIFIER = "com.rainer.-0160503001-PresentAndChildViewController-ContactMenus";
				PRODUCT_NAME = "$(TARGET_NAME)";
			};
			name = Release;
		};
		D53DF4E41CD83201001F0397 /* Debug */ = {
			isa = XCBuildConfiguration;
			buildSettings = {
				BUNDLE_LOADER = "$(TEST_HOST)";
				INFOPLIST_FILE = "20160503001-PresentAndChildViewController-ContactMenusTests/Info.plist";
				LD_RUNPATH_SEARCH_PATHS = "$(inherited) @executable_path/Frameworks @loader_path/Frameworks";
				PRODUCT_BUNDLE_IDENTIFIER = "com.rainer.-0160503001-PresentAndChildViewController-ContactMenusTests";
				PRODUCT_NAME = "$(TARGET_NAME)";
				TEST_HOST = "$(BUILT_PRODUCTS_DIR)/20160503001-PresentAndChildViewController-ContactMenus.app/20160503001-PresentAndChildViewController-ContactMenus";
			};
			name = Debug;
		};
		D53DF4E51CD83201001F0397 /* Release */ = {
			isa = XCBuildConfiguration;
			buildSettings = {
				BUNDLE_LOADER = "$(TEST_HOST)";
				INFOPLIST_FILE = "20160503001-PresentAndChildViewController-ContactMenusTests/Info.plist";
				LD_RUNPATH_SEARCH_PATHS = "$(inherited) @executable_path/Frameworks @loader_path/Frameworks";
				PRODUCT_BUNDLE_IDENTIFIER = "com.rainer.-0160503001-PresentAndChildViewController-ContactMenusTests";
				PRODUCT_NAME = "$(TARGET_NAME)";
				TEST_HOST = "$(BUILT_PRODUCTS_DIR)/20160503001-PresentAndChildViewController-ContactMenus.app/20160503001-PresentAndChildViewController-ContactMenus";
			};
			name = Release;
		};
		D53DF4E71CD83201001F0397 /* Debug */ = {
			isa = XCBuildConfiguration;
			buildSettings = {
				INFOPLIST_FILE = "20160503001-PresentAndChildViewController-ContactMenusUITests/Info.plist";
				LD_RUNPATH_SEARCH_PATHS = "$(inherited) @executable_path/Frameworks @loader_path/Frameworks";
				PRODUCT_BUNDLE_IDENTIFIER = "com.rainer.-0160503001-PresentAndChildViewController-ContactMenusUITests";
				PRODUCT_NAME = "$(TARGET_NAME)";
				TEST_TARGET_NAME = "20160503001-PresentAndChildViewController-ContactMenus";
			};
			name = Debug;
		};
		D53DF4E81CD83201001F0397 /* Release */ = {
			isa = XCBuildConfiguration;
			buildSettings = {
				INFOPLIST_FILE = "20160503001-PresentAndChildViewController-ContactMenusUITests/Info.plist";
				LD_RUNPATH_SEARCH_PATHS = "$(inherited) @executable_path/Frameworks @loader_path/Frameworks";
				PRODUCT_BUNDLE_IDENTIFIER = "com.rainer.-0160503001-PresentAndChildViewController-ContactMenusUITests";
				PRODUCT_NAME = "$(TARGET_NAME)";
				TEST_TARGET_NAME = "20160503001-PresentAndChildViewController-ContactMenus";
			};
			name = Release;
		};
/* End XCBuildConfiguration section */

/* Begin XCConfigurationList section */
		D53DF4AE1CD83200001F0397 /* Build configuration list for PBXProject "20160503001-PresentAndChildViewController-ContactMenus" */ = {
			isa = XCConfigurationList;
			buildConfigurations = (
				D53DF4DE1CD83201001F0397 /* Debug */,
				D53DF4DF1CD83201001F0397 /* Release */,
			);
			defaultConfigurationIsVisible = 0;
			defaultConfigurationName = Release;
		};
		D53DF4E01CD83201001F0397 /* Build configuration list for PBXNativeTarget "20160503001-PresentAndChildViewController-ContactMenus" */ = {
			isa = XCConfigurationList;
			buildConfigurations = (
				D53DF4E11CD83201001F0397 /* Debug */,
				D53DF4E21CD83201001F0397 /* Release */,
			);
			defaultConfigurationIsVisible = 0;
		};
		D53DF4E31CD83201001F0397 /* Build configuration list for PBXNativeTarget "20160503001-PresentAndChildViewController-ContactMenusTests" */ = {
			isa = XCConfigurationList;
			buildConfigurations = (
				D53DF4E41CD83201001F0397 /* Debug */,
				D53DF4E51CD83201001F0397 /* Release */,
			);
			defaultConfigurationIsVisible = 0;
		};
		D53DF4E61CD83201001F0397 /* Build configuration list for PBXNativeTarget "20160503001-PresentAndChildViewController-ContactMenusUITests" */ = {
			isa = XCConfigurationList;
			buildConfigurations = (
				D53DF4E71CD83201001F0397 /* Debug */,
				D53DF4E81CD83201001F0397 /* Release */,
			);
			defaultConfigurationIsVisible = 0;
		};
/* End XCConfigurationList section */
	};
	rootObject = D53DF4AB1CD83200001F0397 /* Project object */;
}
